
Microsoft Visual Studio Solution File, Format Version 12.00
# Visual Studio Version 17
VisualStudioVersion = 17.7.34221.43
MinimumVisualStudioVersion = 10.0.40219.1
Project("{FAE04EC0-301F-11D3-BF4B-00C04F79EFBC}") = "InheritanceCS", "InheritanceCS\InheritanceCS.csproj", "{4D140E93-F932-4BAF-8518-00AFE72800C3}"
EndProject
Project("{FAE04EC0-301F-11D3-BF4B-00C04F79EFBC}") = "Academy", "Academy\Academy.csproj", "{6E2BF30B-BF3B-449A-9075-9BAD2EBC4BBD}"
EndProject
Global
	GlobalSection(SolutionConfigurationPlatforms) = preSolution
		Debug|Any CPU = Debug|Any CPU
		Release|Any CPU = Release|Any CPU
	EndGlobalSection
	GlobalSection(ProjectConfigurationPlatforms) = postSolution
		{4D140E93-F932-4BAF-8518-00AFE72800C3}.Debug|Any CPU.ActiveCfg = Debug|Any CPU
		{4D140E93-F932-4BAF-8518-00AFE72800C3}.Debug|Any CPU.Build.0 = Debug|Any CPU
		{4D140E93-F932-4BAF-8518-00AFE72800C3}.Release|Any CPU.ActiveCfg = Release|Any CPU
		{4D140E93-F932-4BAF-8518-00AFE72800C3}.Release|Any CPU.Build.0 = Release|Any CPU
		{6E2BF30B-BF3B-449A-9075-9BAD2EBC4BBD}.Debug|Any CPU.ActiveCfg = Debug|Any CPU
		{6E2BF30B-BF3B-449A-9075-9BAD2EBC4BBD}.Debug|Any CPU.Build.0 = Debug|Any CPU
		{6E2BF30B-BF3B-449A-9075-9BAD2EBC4BBD}.Release|Any CPU.ActiveCfg = Release|Any CPU
		{6E2BF30B-BF3B-449A-9075-9BAD2EBC4BBD}.Release|Any CPU.Build.0 = Release|Any CPU
	EndGlobalSection
	GlobalSection(SolutionProperties) = preSolution
		HideSolutionNode = FALSE
	EndGlobalSection
	GlobalSection(ExtensibilityGlobals) = postSolution
		SolutionGuid = {975B440F-0865-48C7-8832-9C5840EDE010}
	EndGlobalSection
EndGlobal
